
Microsoft Visual Studio Solution File, Format Version 12.00
# Visual Studio Version 16
VisualStudioVersion = 16.0.31005.135
MinimumVisualStudioVersion = 10.0.40219.1
Project("{FAE04EC0-301F-11D3-BF4B-00C04F79EFBC}") = "AnotherInsuranceCompany", "AnotherInsuranceCompany\AnotherInsuranceCompany.csproj", "{D1305456-FFE8-4F8E-9540-B779DE1D70CA}"
EndProject
Global
	GlobalSection(SolutionConfigurationPlatforms) = preSolution
		Debug|Any CPU = Debug|Any CPU
		Release|Any CPU = Release|Any CPU
	EndGlobalSection
	GlobalSection(ProjectConfigurationPlatforms) = postSolution
		{D1305456-FFE8-4F8E-9540-B779DE1D70CA}.Debug|Any CPU.ActiveCfg = Debug|Any CPU
		{D1305456-FFE8-4F8E-9540-B779DE1D70CA}.Debug|Any CPU.Build.0 = Debug|Any CPU
		{D1305456-FFE8-4F8E-9540-B779DE1D70CA}.Release|Any CPU.ActiveCfg = Release|Any CPU
		{D1305456-FFE8-4F8E-9540-B779DE1D70CA}.Release|Any CPU.Build.0 = Release|Any CPU
	EndGlobalSection
	GlobalSection(SolutionProperties) = preSolution
		HideSolutionNode = FALSE
	EndGlobalSection
	GlobalSection(ExtensibilityGlobals) = postSolution
		SolutionGuid = {2A4ACF4B-7BFC-4E7F-AD65-264A22FF5499}
	EndGlobalSection
EndGlobal
